
Microsoft Visual Studio Solution File, Format Version 12.00
# Visual Studio Version 16
VisualStudioVersion = 16.0.30114.105
MinimumVisualStudioVersion = 10.0.40219.1
Project("{FAE04EC0-301F-11D3-BF4B-00C04F79EFBC}") = "FirebaseMVCOktaApp", "FirebaseMVCOktaApp\FirebaseMVCOktaApp.csproj", "{093E0070-F172-4115-963F-2C003CC5FE86}"
EndProject
Global
	GlobalSection(SolutionConfigurationPlatforms) = preSolution
		Debug|Any CPU = Debug|Any CPU
		Release|Any CPU = Release|Any CPU
	EndGlobalSection
	GlobalSection(ProjectConfigurationPlatforms) = postSolution
		{093E0070-F172-4115-963F-2C003CC5FE86}.Debug|Any CPU.ActiveCfg = Debug|Any CPU
		{093E0070-F172-4115-963F-2C003CC5FE86}.Debug|Any CPU.Build.0 = Debug|Any CPU
		{093E0070-F172-4115-963F-2C003CC5FE86}.Release|Any CPU.ActiveCfg = Release|Any CPU
		{093E0070-F172-4115-963F-2C003CC5FE86}.Release|Any CPU.Build.0 = Release|Any CPU
	EndGlobalSection
	GlobalSection(SolutionProperties) = preSolution
		HideSolutionNode = FALSE
	EndGlobalSection
	GlobalSection(ExtensibilityGlobals) = postSolution
		SolutionGuid = {14560574-6A16-4C48-8B37-0B83CC1E5983}
	EndGlobalSection
EndGlobal
